{
    "_readme": [
        "This file locks the dependencies of your project to a known state",
        "Read more about it at https://getcomposer.org/doc/01-basic-usage.md#installing-dependencies",
        "This file is @generated automatically"
    ],
    "content-hash": "5d731ddf6967611fd85ffdc1b3418a5c",
    "packages": [
        {
            "name": "eclipxe/cfdiutils",
            "version": "v2.20.0",
            "source": {
                "type": "git",
                "url": "https://github.com/eclipxe13/CfdiUtils.git",
                "reference": "12eb407c1d663a66c17793abed545da9a1ba4a75"
            },
            "dist": {
                "type": "zip",
                "url": "https://api.github.com/repos/eclipxe13/CfdiUtils/zipball/12eb407c1d663a66c17793abed545da9a1ba4a75",
                "reference": "12eb407c1d663a66c17793abed545da9a1ba4a75",
                "shasum": ""
            },
            "require": {
                "eclipxe/xmlresourceretriever": "^1.3.0",
                "eclipxe/xmlschemavalidator": "^2.0.2",
                "ext-dom": "*",
                "ext-iconv": "*",
                "ext-json": "*",
                "ext-libxml": "*",
                "ext-mbstring": "*",
                "ext-openssl": "*",
                "ext-simplexml": "*",
                "ext-soap": "*",
                "ext-xsl": "*",
                "php": ">=7.3",
                "symfony/process": "^3.4|^4.2|^5.0"
            },
            "require-dev": {
                "friendsofphp/php-cs-fixer": "^3.0",
                "genkgo/xsl": "dev-master",
                "phpstan/phpstan": "^0.12",
                "phpunit/phpunit": "^9.5",
                "squizlabs/php_codesniffer": "^3.6"
            },
            "suggest": {
                "genkgo/xsl": "Allows usage of Genkgo/Xsl transformations"
            },
            "type": "library",
            "autoload": {
                "psr-4": {
                    "CfdiUtils\\": "src/CfdiUtils/"
                }
            },
            "notification-url": "https://packagist.org/downloads/",
            "license": [
                "MIT"
            ],
            "authors": [
                {
                    "name": "Carlos C Soto",
                    "email": "eclipxe13@gmail.com",
                    "homepage": "http://eclipxe.com.mx/"
                }
            ],
            "description": "PHP Common utilities for Mexican CFDI 3.2, 3.3 & 4.0",
            "homepage": "https://github.com/eclipxe13/CfdiUtils",
            "keywords": [
                "cfdi",
                "cfdi33",
                "cfdi40",
                "electronic invoice",
                "mexico"
            ],
            "support": {
                "chat": "https://discord.gg/aFGYXvX",
                "docs": "https://cfdiutils.readthedocs.io/",
                "issues": "https://github.com/eclipxe13/CfdiUtils/issues",
                "source": "https://github.com/eclipxe13/CfdiUtils"
            },
            "time": "2022-02-23T03:15:25+00:00"
        },
        {
            "name": "eclipxe/enum",
            "version": "v0.2.6",
            "source": {
                "type": "git",
                "url": "https://github.com/eclipxe13/enum.git",
                "reference": "860e2592c2c9bcfa522c62d9cf3f3559014f8d28"
            },
            "dist": {
                "type": "zip",
                "url": "https://api.github.com/repos/eclipxe13/enum/zipball/860e2592c2c9bcfa522c62d9cf3f3559014f8d28",
                "reference": "860e2592c2c9bcfa522c62d9cf3f3559014f8d28",
                "shasum": ""
            },
            "require": {
                "php": ">=7.2"
            },
            "require-dev": {
                "phpunit/phpunit": "^8.5"
            },
            "type": "library",
            "autoload": {
                "psr-4": {
                    "Eclipxe\\Enum\\": "src/"
                }
            },
            "notification-url": "https://packagist.org/downloads/",
            "license": [
                "MIT"
            ],
            "authors": [
                {
                    "name": "Carlos C Soto",
                    "email": "eclipxe13@gmail.com",
                    "homepage": "https://eclipxe.com.mx/"
                }
            ],
            "description": "Enum based on the Brent Roose enum idea https://stitcher.io/blog/php-enums",
            "homepage": "https://github.com/eclipxe13/enum",
            "keywords": [
                "enum",
                "reflection"
            ],
            "support": {
                "issues": "https://github.com/eclipxe13/enum/issues",
                "source": "https://github.com/eclipxe13/enum"
            },
            "time": "2021-06-18T02:12:56+00:00"
        },
        {
            "name": "eclipxe/xmlresourceretriever",
            "version": "v1.3.2",
            "source": {
                "type": "git",
                "url": "https://github.com/eclipxe13/XmlResourceRetriever.git",
                "reference": "2c37f1d2adcf644da09775a8381365593c5cea2a"
            },
            "dist": {
                "type": "zip",
                "url": "https://api.github.com/repos/eclipxe13/XmlResourceRetriever/zipball/2c37f1d2adcf644da09775a8381365593c5cea2a",
                "reference": "2c37f1d2adcf644da09775a8381365593c5cea2a",
                "shasum": ""
            },
            "require": {
                "ext-dom": "*",
                "ext-fileinfo": "*",
                "ext-filter": "*",
                "ext-xml": "*",
                "php": ">=7.0"
            },
            "require-dev": {
                "friendsofphp/php-cs-fixer": "^2.4",
                "phpstan/phpstan": "^0.9|^0.10|^0.11|^0.12",
                "phpunit/phpunit": "^6.2|^7.0",
                "squizlabs/php_codesniffer": "^3.0",
                "vimeo/psalm": "^3.8"
            },
            "type": "library",
            "autoload": {
                "psr-4": {
                    "XmlResourceRetriever\\": "src/XmlResourceRetriever/"
                }
            },
            "notification-url": "https://packagist.org/downloads/",
            "license": [
                "MIT"
            ],
            "authors": [
                {
                    "name": "Carlos C Soto",
                    "email": "eclipxe13@gmail.com",
                    "homepage": "http://eclipxe.com.mx"
                }
            ],
            "description": "XSD and XLST resource downloader for local storage",
            "homepage": "https://github.com/eclipxe13/XmlResourceRetriever",
            "support": {
                "issues": "https://github.com/eclipxe13/XmlResourceRetriever/issues",
                "source": "https://github.com/eclipxe13/XmlResourceRetriever/tree/v1.3.2"
            },
            "time": "2021-04-09T03:15:11+00:00"
        },
        {
            "name": "eclipxe/xmlschemavalidator",
            "version": "v2.1.2",
            "source": {
                "type": "git",
                "url": "https://github.com/eclipxe13/XmlSchemaValidator.git",
                "reference": "add283790d140e485b5f3dc14d2ce6c7d944277d"
            },
            "dist": {
                "type": "zip",
                "url": "https://api.github.com/repos/eclipxe13/XmlSchemaValidator/zipball/add283790d140e485b5f3dc14d2ce6c7d944277d",
                "reference": "add283790d140e485b5f3dc14d2ce6c7d944277d",
                "shasum": ""
            },
            "require": {
                "ext-dom": "*",
                "ext-libxml": "*",
                "php": ">=7.0"
            },
            "require-dev": {
                "friendsofphp/php-cs-fixer": "^2.4",
                "phpstan/phpstan": "^0.9|^0.10|^0.11",
                "phpunit/phpunit": "^6.2|^7.3",
                "squizlabs/php_codesniffer": "^3.0",
                "vimeo/psalm": "^3.2"
            },
            "type": "library",
            "autoload": {
                "psr-4": {
                    "XmlSchemaValidator\\": "src/XmlSchemaValidator/"
                }
            },
            "notification-url": "https://packagist.org/downloads/",
            "license": [
                "MIT"
            ],
            "authors": [
                {
                    "name": "Carlos C Soto",
                    "email": "eclipxe13@gmail.com"
                }
            ],
            "description": "PHP Library for XML Schema Validations",
            "homepage": "https://github.com/eclipxe13/XmlSchemaValidator",
            "keywords": [
                "validation",
                "xml",
                "xmlschema",
                "xsd"
            ],
            "support": {
                "issues": "https://github.com/eclipxe13/XmlSchemaValidator/issues",
                "source": "https://github.com/eclipxe13/XmlSchemaValidator/tree/master"
            },
            "time": "2020-04-05T18:20:44+00:00"
        },
        {
            "name": "phpcfdi/cfdi-cleaner",
            "version": "v1.2.0",
            "source": {
                "type": "git",
                "url": "https://github.com/phpcfdi/cfdi-cleaner.git",
                "reference": "eb1af427a20d9bf0916eedcb6db1925c7a5f1305"
            },
            "dist": {
                "type": "zip",
                "url": "https://api.github.com/repos/phpcfdi/cfdi-cleaner/zipball/eb1af427a20d9bf0916eedcb6db1925c7a5f1305",
                "reference": "eb1af427a20d9bf0916eedcb6db1925c7a5f1305",
                "shasum": ""
            },
            "require": {
                "ext-dom": "*",
                "ext-libxml": "*",
                "php": ">=7.3",
                "symfony/polyfill-php80": "^1.22"
            },
            "require-dev": {
                "ext-json": "*",
                "phpunit/phpunit": "^9.3"
            },
            "type": "library",
            "autoload": {
                "psr-4": {
                    "PhpCfdi\\CfdiCleaner\\": "src/"
                }
            },
            "notification-url": "https://packagist.org/downloads/",
            "license": [
                "MIT"
            ],
            "authors": [
                {
                    "name": "Carlos C Soto",
                    "email": "eclipxe13@gmail.com"
                }
            ],
            "description": "Clean up Mexican CFDI",
            "homepage": "https://github.com/phpcfdi/cfdi-cleaner",
            "keywords": [
                "cfdi",
                "mexico",
                "sat"
            ],
            "support": {
                "issues": "https://github.com/phpcfdi/cfdi-cleaner/issues",
                "source": "https://github.com/phpcfdi/cfdi-cleaner/tree/v1.2.0"
            },
            "time": "2022-03-04T15:34:26+00:00"
        },
        {
            "name": "phpcfdi/credentials",
            "version": "v1.1.4",
            "source": {
                "type": "git",
                "url": "https://github.com/phpcfdi/credentials.git",
                "reference": "28f4707c07add5b17e7831eb9b734440e0ea4db0"
            },
            "dist": {
                "type": "zip",
                "url": "https://api.github.com/repos/phpcfdi/credentials/zipball/28f4707c07add5b17e7831eb9b734440e0ea4db0",
                "reference": "28f4707c07add5b17e7831eb9b734440e0ea4db0",
                "shasum": ""
            },
            "require": {
                "eclipxe/enum": "^0.2.0",
                "ext-mbstring": "*",
                "ext-openssl": "*",
                "php": ">=7.3"
            },
            "require-dev": {
                "ext-json": "*",
                "phpunit/phpunit": "^9.5"
            },
            "type": "library",
            "autoload": {
                "psr-4": {
                    "PhpCfdi\\Credentials\\": "src/"
                }
            },
            "notification-url": "https://packagist.org/downloads/",
            "license": [
                "MIT"
            ],
            "authors": [
                {
                    "name": "Carlos C Soto",
                    "email": "eclipxe13@gmail.com"
                }
            ],
            "description": "Library to use eFirma (fiel) and CSD (sellos) from SAT",
            "homepage": "https://github.com/phpcfdi/credentials",
            "keywords": [
                "certificado",
                "cfdi",
                "efirma",
                "fiel",
                "sat",
                "sello"
            ],
            "support": {
                "issues": "https://github.com/phpcfdi/credentials/issues",
                "source": "https://github.com/phpcfdi/credentials"
            },
            "time": "2022-02-01T03:11:00+00:00"
        },
        {
            "name": "stefangabos/world_countries",
            "version": "v2.4.0",
            "source": {
                "type": "git",
                "url": "https://github.com/stefangabos/world_countries.git",
                "reference": "70190326141053e614aa20328fbdf2fdda695d75"
            },
            "dist": {
                "type": "zip",
                "url": "https://api.github.com/repos/stefangabos/world_countries/zipball/70190326141053e614aa20328fbdf2fdda695d75",
                "reference": "70190326141053e614aa20328fbdf2fdda695d75",
                "shasum": ""
            },
            "type": "library",
            "notification-url": "https://packagist.org/downloads/",
            "license": [
                "LGPL-3.0"
            ],
            "authors": [
                {
                    "name": "stefangabos",
                    "email": "contact@stefangabos.ro",
                    "homepage": "https://github.com/stefangabos",
                    "role": "Developer"
                }
            ],
            "description": "Constantly updated lists of world countries, territories and areas of geographical interest, with associated alpha-2, alpha-3 and numeric codes as defined by the ISO 3166-1 standard, available in multiple formats and languages, with national flags included",
            "keywords": [
                "ISO 3166",
                "ISO 3166-1",
                "alpha-2",
                "alpha-3",
                "countries",
                "flag",
                "flags",
                "world"
            ],
            "support": {
                "issues": "https://github.com/stefangabos/world_countries/issues",
                "source": "https://github.com/stefangabos/world_countries/tree/v2.4.0"
            },
            "time": "2022-02-06T11:57:24+00:00"
        },
        {
            "name": "symfony/polyfill-php80",
            "version": "v1.25.0",
            "source": {
                "type": "git",
                "url": "https://github.com/symfony/polyfill-php80.git",
                "reference": "4407588e0d3f1f52efb65fbe92babe41f37fe50c"
            },
            "dist": {
                "type": "zip",
                "url": "https://api.github.com/repos/symfony/polyfill-php80/zipball/4407588e0d3f1f52efb65fbe92babe41f37fe50c",
                "reference": "4407588e0d3f1f52efb65fbe92babe41f37fe50c",
                "shasum": ""
            },
            "require": {
                "php": ">=7.1"
            },
            "type": "library",
            "extra": {
                "branch-alias": {
                    "dev-main": "1.23-dev"
                },
                "thanks": {
                    "name": "symfony/polyfill",
                    "url": "https://github.com/symfony/polyfill"
                }
            },
            "autoload": {
                "files": [
                    "bootstrap.php"
                ],
                "psr-4": {
                    "Symfony\\Polyfill\\Php80\\": ""
                },
                "classmap": [
                    "Resources/stubs"
                ]
            },
            "notification-url": "https://packagist.org/downloads/",
            "license": [
                "MIT"
            ],
            "authors": [
                {
                    "name": "Ion Bazan",
                    "email": "ion.bazan@gmail.com"
                },
                {
                    "name": "Nicolas Grekas",
                    "email": "p@tchwork.com"
                },
                {
                    "name": "Symfony Community",
                    "homepage": "https://symfony.com/contributors"
                }
            ],
            "description": "Symfony polyfill backporting some PHP 8.0+ features to lower PHP versions",
            "homepage": "https://symfony.com",
            "keywords": [
                "compatibility",
                "polyfill",
                "portable",
                "shim"
            ],
            "support": {
                "source": "https://github.com/symfony/polyfill-php80/tree/v1.25.0"
            },
            "funding": [
                {
                    "url": "https://symfony.com/sponsor",
                    "type": "custom"
                },
                {
                    "url": "https://github.com/fabpot",
                    "type": "github"
                },
                {
                    "url": "https://tidelift.com/funding/github/packagist/symfony/symfony",
                    "type": "tidelift"
                }
            ],
            "time": "2022-03-04T08:16:47+00:00"
        },
        {
            "name": "symfony/process",
            "version": "v5.4.5",
            "source": {
                "type": "git",
                "url": "https://github.com/symfony/process.git",
                "reference": "95440409896f90a5f85db07a32b517ecec17fa4c"
            },
            "dist": {
                "type": "zip",
                "url": "https://api.github.com/repos/symfony/process/zipball/95440409896f90a5f85db07a32b517ecec17fa4c",
                "reference": "95440409896f90a5f85db07a32b517ecec17fa4c",
                "shasum": ""
            },
            "require": {
                "php": ">=7.2.5",
                "symfony/polyfill-php80": "^1.16"
            },
            "type": "library",
            "autoload": {
                "psr-4": {
                    "Symfony\\Component\\Process\\": ""
                },
                "exclude-from-classmap": [
                    "/Tests/"
                ]
            },
            "notification-url": "https://packagist.org/downloads/",
            "license": [
                "MIT"
            ],
            "authors": [
                {
                    "name": "Fabien Potencier",
                    "email": "fabien@symfony.com"
                },
                {
                    "name": "Symfony Community",
                    "homepage": "https://symfony.com/contributors"
                }
            ],
            "description": "Executes commands in sub-processes",
            "homepage": "https://symfony.com",
            "support": {
                "source": "https://github.com/symfony/process/tree/v5.4.5"
            },
            "funding": [
                {
                    "url": "https://symfony.com/sponsor",
                    "type": "custom"
                },
                {
                    "url": "https://github.com/fabpot",
                    "type": "github"
                },
                {
                    "url": "https://tidelift.com/funding/github/packagist/symfony/symfony",
                    "type": "tidelift"
                }
            ],
            "time": "2022-01-30T18:16:22+00:00"
        }
    ],
    "packages-dev": [],
    "aliases": [],
    "minimum-stability": "stable",
    "stability-flags": [],
    "prefer-stable": false,
    "prefer-lowest": false,
    "platform": [],
    "platform-dev": [],
    "plugin-api-version": "2.0.0"
}
